{
  "name": "@panda0day/f_framework",
  "version": "0.1.0",
  "lockfileVersion": 3,
  "requires": true,
  "packages": {
    "": {
      "name": "@panda0day/f_framework",
      "version": "0.1.0",
      "devDependencies": {
        "@citizenfx/client": "^2.0.35214-1",
        "@citizenfx/server": "^2.0.35214-1",
        "typescript": "^6.0.3"
      },
      "peerDependencies": {
        "@citizenfx/client": "*",
        "@citizenfx/server": "*"
      }
    },
    "node_modules/@citizenfx/client": {
      "version": "2.0.35214-1",
      "resolved": "https://registry.npmjs.org/@citizenfx/client/-/client-2.0.35214-1.tgz",
      "integrity": "sha512-FBEOU9M7Zs4iXHpqOJH0rmHJGm2w7MWbJ96X7kF48MHFVuOJuYOlHC8/t6XR/zDGW6pM0TSC/l69YkGxBWth9w==",
      "dev": true,
      "license": "ISC"
    },
    "node_modules/@citizenfx/server": {
      "version": "2.0.35214-1",
      "resolved": "https://registry.npmjs.org/@citizenfx/server/-/server-2.0.35214-1.tgz",
      "integrity": "sha512-CpH+nWSpKvlZUYqHa7wxYuTq7I6eqZvCMp6Vw4ku9mQqJ0DRRrugZZLckAnNrpet9sZ53jfMI1fKPzBsREDkIw==",
      "dev": true,
      "license": "ISC"
    },
    "node_modules/typescript": {
      "version": "6.0.3",
      "resolved": "https://registry.npmjs.org/typescript/-/typescript-6.0.3.tgz",
      "integrity": "sha512-y2TvuxSZPDyQakkFRPZHKFm+KKVqIisdg9/CZwm9ftvKXLP8NRWj38/ODjNbr43SsoXqNuAisEf1GdCxqWcdBw==",
      "dev": true,
      "license": "Apache-2.0",
      "bin": {
        "tsc": "bin/tsc",
        "tsserver": "bin/tsserver"
      },
      "engines": {
        "node": ">=14.17"
      }
    }
  }
}
